
Microsoft Visual Studio Solution File, Format Version 12.00
# Visual Studio Version 17
VisualStudioVersion = 17.6.33801.468
MinimumVisualStudioVersion = 10.0.40219.1
Project("{FAE04EC0-301F-11D3-BF4B-00C04F79EFBC}") = "PIS_Vj1", "PIS_Vj1.csproj", "{24FF368B-B85B-418F-83BD-D6D772566158}"
EndProject
Global
	GlobalSection(SolutionConfigurationPlatforms) = preSolution
		Debug|Any CPU = Debug|Any CPU
		Release|Any CPU = Release|Any CPU
	EndGlobalSection
	GlobalSection(ProjectConfigurationPlatforms) = postSolution
		{24FF368B-B85B-418F-83BD-D6D772566158}.Debug|Any CPU.ActiveCfg = Debug|Any CPU
		{24FF368B-B85B-418F-83BD-D6D772566158}.Debug|Any CPU.Build.0 = Debug|Any CPU
		{24FF368B-B85B-418F-83BD-D6D772566158}.Release|Any CPU.ActiveCfg = Release|Any CPU
		{24FF368B-B85B-418F-83BD-D6D772566158}.Release|Any CPU.Build.0 = Release|Any CPU
	EndGlobalSection
	GlobalSection(SolutionProperties) = preSolution
		HideSolutionNode = FALSE
	EndGlobalSection
	GlobalSection(ExtensibilityGlobals) = postSolution
		SolutionGuid = {AF4C46F5-E35D-4B4C-9336-0702B7B16B34}
	EndGlobalSection
EndGlobal
